
Microsoft Visual Studio Solution File, Format Version 12.00
# Visual Studio 2015
Project("{FAE04EC0-301F-11D3-BF4B-00C04F79EFBC}") = "DetectiveGame.CSharp", "DetectiveGame.CSharp.csproj", "{A5FE8B50-2467-E40F-3453-CA2465EF0D60}"
EndProject
Project("{FAE04EC0-301F-11D3-BF4B-00C04F79EFBC}") = "DetectiveGame.CSharpTests", "..\DetectiveGame.CSharpTests\DetectiveGame.CSharpTests.csproj", "{6A279162-13AA-477D-8793-1C635FC74073}"
EndProject
Global
	GlobalSection(SolutionConfigurationPlatforms) = preSolution
		Debug|Any CPU = Debug|Any CPU
		Release|Any CPU = Release|Any CPU
	EndGlobalSection
	GlobalSection(ProjectConfigurationPlatforms) = postSolution
		{A5FE8B50-2467-E40F-3453-CA2465EF0D60}.Debug|Any CPU.ActiveCfg = Debug|Any CPU
		{A5FE8B50-2467-E40F-3453-CA2465EF0D60}.Debug|Any CPU.Build.0 = Debug|Any CPU
		{A5FE8B50-2467-E40F-3453-CA2465EF0D60}.Release|Any CPU.ActiveCfg = Release|Any CPU
		{A5FE8B50-2467-E40F-3453-CA2465EF0D60}.Release|Any CPU.Build.0 = Release|Any CPU
		{6A279162-13AA-477D-8793-1C635FC74073}.Debug|Any CPU.ActiveCfg = Debug|Any CPU
		{6A279162-13AA-477D-8793-1C635FC74073}.Debug|Any CPU.Build.0 = Debug|Any CPU
		{6A279162-13AA-477D-8793-1C635FC74073}.Release|Any CPU.ActiveCfg = Release|Any CPU
		{6A279162-13AA-477D-8793-1C635FC74073}.Release|Any CPU.Build.0 = Release|Any CPU
	EndGlobalSection
	GlobalSection(SolutionProperties) = preSolution
		HideSolutionNode = FALSE
	EndGlobalSection
EndGlobal
